github.com/lib/pq v1.10.1 h1:6VXZrLU0jHBYyAqrSPa+MgPfnSvTPuMgK+k0o5kVFWo=
github.com/lib/pq v1.10.1/go.mod h1:AlVN5x4E4T544tWzH6hKfbfQvm3HdbOxrmggDNAPY9o=
github.com/lib/pq v1.10.2 h1:AqzbZs4ZoCBp+GtejcpCpcxM3zlSMx29dXbUSeVtJb8=
github.com/lib/pq v1.10.2/go.mod h1:AlVN5x4E4T544tWzH6hKfbfQvm3HdbOxrmggDNAPY9o=
github.com/mactsouk/restdb v0.0.0-20210513090651-5ffea9260002 h1:JACksHh3xEFEbGoJfAlwkFjZzosZN6aFmiW4YJRqGjY=
github.com/mactsouk/restdb v0.0.0-20210513090651-5ffea9260002/go.mod h1:ijfADIlzIh5sqbZhlyD+K6ms8y2wdKtNtt7au20xkIM=
github.com/mactsouk/restdb v0.0.0-20210513161811-e3772cdf544c h1:CK4ElZEVX9ZOW0wRHTpd9CPTeawJapcHVDK0OuR5L08=
github.com/mactsouk/restdb v0.0.0-20210513161811-e3772cdf544c/go.mod h1:ijfADIlzIh5sqbZhlyD+K6ms8y2wdKtNtt7au20xkIM=
